// !$*UTF8*$!
{
	archiveVersion = 1;
	classes = {
	};
	objectVersion = 51;
	objects = {

/* Begin PBXBuildFile section */
		0A1FC3D224AC5E0F0091A13B /* AppDelegate.swift in Sources */ = {isa = PBXBuildFile; fileRef = 0A1FC3D124AC5E0F0091A13B /* AppDelegate.swift */; };
		0A1FC3D424AC5E0F0091A13B /* SceneDelegate.swift in Sources */ = {isa = PBXBuildFile; fileRef = 0A1FC3D324AC5E0F0091A13B /* SceneDelegate.swift */; };
		0A1FC3DB24AC5E120091A13B /* Assets.xcassets in Resources */ = {isa = PBXBuildFile; fileRef = 0A1FC3DA24AC5E120091A13B /* Assets.xcassets */; };
		0A1FC3DE24AC5E120091A13B /* LaunchScreen.storyboard in Resources */ = {isa = PBXBuildFile; fileRef = 0A1FC3DC24AC5E120091A13B /* LaunchScreen.storyboard */; };
		0A1FC41124ACC94F0091A13B /* ModelDataLogin.swift in Sources */ = {isa = PBXBuildFile; fileRef = 0A1FC41024ACC94F0091A13B /* ModelDataLogin.swift */; };
		0A1FC41324ACCA250091A13B /* MenuNavBar.swift in Sources */ = {isa = PBXBuildFile; fileRef = 0A1FC41224ACCA250091A13B /* MenuNavBar.swift */; };
		0A1FC41524ACCA4B0091A13B /* Item.swift in Sources */ = {isa = PBXBuildFile; fileRef = 0A1FC41424ACCA4B0091A13B /* Item.swift */; };
		0A1FC41724ACCA660091A13B /* UserAccess.swift in Sources */ = {isa = PBXBuildFile; fileRef = 0A1FC41624ACCA660091A13B /* UserAccess.swift */; };
		0A1FC4C824ACEE650091A13B /* CustomBorderShadow.swift in Sources */ = {isa = PBXBuildFile; fileRef = 0A1FC42324ACEE650091A13B /* CustomBorderShadow.swift */; };
		0A1FC4C924ACEE650091A13B /* ButtonLeftSpace.swift in Sources */ = {isa = PBXBuildFile; fileRef = 0A1FC42424ACEE650091A13B /* ButtonLeftSpace.swift */; };
		0A1FC4CA24ACEE650091A13B /* ACScrollViewExtension.swift in Sources */ = {isa = PBXBuildFile; fileRef = 0A1FC42524ACEE650091A13B /* ACScrollViewExtension.swift */; };
		0A1FC4CD24ACEE650091A13B /* CustomBorder.swift in Sources */ = {isa = PBXBuildFile; fileRef = 0A1FC42824ACEE650091A13B /* CustomBorder.swift */; };
		0A1FC4CF24ACEE650091A13B /* ACAlert.swift in Sources */ = {isa = PBXBuildFile; fileRef = 0A1FC42A24ACEE650091A13B /* ACAlert.swift */; };
		0A1FC4D024ACEE650091A13B /* SelfSizedTableView.swift in Sources */ = {isa = PBXBuildFile; fileRef = 0A1FC42B24ACEE650091A13B /* SelfSizedTableView.swift */; };
		0A1FC4D224ACEE650091A13B /* AsynchronusImage.swift in Sources */ = {isa = PBXBuildFile; fileRef = 0A1FC42D24ACEE650091A13B /* AsynchronusImage.swift */; };
		0A1FC4D324ACEE650091A13B /* Double.swift in Sources */ = {isa = PBXBuildFile; fileRef = 0A1FC42E24ACEE650091A13B /* Double.swift */; };
		0A1FC4D424ACEE650091A13B /* Border+View.swift in Sources */ = {isa = PBXBuildFile; fileRef = 0A1FC42F24ACEE650091A13B /* Border+View.swift */; };
		0A1FC4D524ACEE650091A13B /* TextViewLeftSpace.swift in Sources */ = {isa = PBXBuildFile; fileRef = 0A1FC43024ACEE650091A13B /* TextViewLeftSpace.swift */; };
		0A1FC4D624ACEE650091A13B /* ACTextfieldExtension.swift in Sources */ = {isa = PBXBuildFile; fileRef = 0A1FC43124ACEE650091A13B /* ACTextfieldExtension.swift */; };
		0A1FC56724ACEE660091A13B /* ACAPI.swift in Sources */ = {isa = PBXBuildFile; fileRef = 0A1FC4C624ACEE650091A13B /* ACAPI.swift */; };
		0A1FC56824ACEE660091A13B /* ACRequest.swift in Sources */ = {isa = PBXBuildFile; fileRef = 0A1FC4C724ACEE650091A13B /* ACRequest.swift */; };
		A315212C24AC823C0029EFE6 /* LoginViewController.swift in Sources */ = {isa = PBXBuildFile; fileRef = A315212A24AC823C0029EFE6 /* LoginViewController.swift */; };
		A315212D24AC823C0029EFE6 /* LoginViewController.xib in Resources */ = {isa = PBXBuildFile; fileRef = A315212B24AC823C0029EFE6 /* LoginViewController.xib */; };
		A315213024AC871F0029EFE6 /* HomeViewController.swift in Sources */ = {isa = PBXBuildFile; fileRef = A315212E24AC871F0029EFE6 /* HomeViewController.swift */; };
		A315213124AC871F0029EFE6 /* HomeViewController.xib in Resources */ = {isa = PBXBuildFile; fileRef = A315212F24AC871F0029EFE6 /* HomeViewController.xib */; };
		A315213424ACF0960029EFE6 /* SettingsViewController.swift in Sources */ = {isa = PBXBuildFile; fileRef = A315213224ACF0960029EFE6 /* SettingsViewController.swift */; };
		A315213524ACF0960029EFE6 /* SettingsViewController.xib in Resources */ = {isa = PBXBuildFile; fileRef = A315213324ACF0960029EFE6 /* SettingsViewController.xib */; };
		A315213824ACF0B20029EFE6 /* ExploreViewController.swift in Sources */ = {isa = PBXBuildFile; fileRef = A315213624ACF0B20029EFE6 /* ExploreViewController.swift */; };
		A315213924ACF0B20029EFE6 /* ExploreViewController.xib in Resources */ = {isa = PBXBuildFile; fileRef = A315213724ACF0B20029EFE6 /* ExploreViewController.xib */; };
		A315213E24ACF0D60029EFE6 /* NewsViewController.swift in Sources */ = {isa = PBXBuildFile; fileRef = A315213C24ACF0D60029EFE6 /* NewsViewController.swift */; };
		A315213F24ACF0D60029EFE6 /* NewsViewController.xib in Resources */ = {isa = PBXBuildFile; fileRef = A315213D24ACF0D60029EFE6 /* NewsViewController.xib */; };
		A315214324ACF32B0029EFE6 /* FeedViewController.swift in Sources */ = {isa = PBXBuildFile; fileRef = A315214124ACF32B0029EFE6 /* FeedViewController.swift */; };
		A315214424ACF32B0029EFE6 /* FeedViewController.xib in Resources */ = {isa = PBXBuildFile; fileRef = A315214224ACF32B0029EFE6 /* FeedViewController.xib */; };
		A315214824ACF33D0029EFE6 /* CameraViewController.swift in Sources */ = {isa = PBXBuildFile; fileRef = A315214624ACF33D0029EFE6 /* CameraViewController.swift */; };
		A315214924ACF33D0029EFE6 /* CameraViewController.xib in Resources */ = {isa = PBXBuildFile; fileRef = A315214724ACF33D0029EFE6 /* CameraViewController.xib */; };
		A315215124ACF36E0029EFE6 /* AlarmViewController.swift in Sources */ = {isa = PBXBuildFile; fileRef = A315214F24ACF36E0029EFE6 /* AlarmViewController.swift */; };
		A315215224ACF36E0029EFE6 /* AlarmViewController.xib in Resources */ = {isa = PBXBuildFile; fileRef = A315215024ACF36E0029EFE6 /* AlarmViewController.xib */; };
		A315215B24ACF5950029EFE6 /* FavoriteViewController.swift in Sources */ = {isa = PBXBuildFile; fileRef = A315215924ACF5950029EFE6 /* FavoriteViewController.swift */; };
		A315215C24ACF5950029EFE6 /* FavoriteViewController.xib in Resources */ = {isa = PBXBuildFile; fileRef = A315215A24ACF5950029EFE6 /* FavoriteViewController.xib */; };
		A315216024ACFC1E0029EFE6 /* MoreViewController.swift in Sources */ = {isa = PBXBuildFile; fileRef = A315215E24ACFC1E0029EFE6 /* MoreViewController.swift */; };
		A315216124ACFC1E0029EFE6 /* MoreViewController.xib in Resources */ = {isa = PBXBuildFile; fileRef = A315215F24ACFC1E0029EFE6 /* MoreViewController.xib */; };
		A315216424ACFD950029EFE6 /* ChatViewController.swift in Sources */ = {isa = PBXBuildFile; fileRef = A315216224ACFD950029EFE6 /* ChatViewController.swift */; };
		A315216524ACFD950029EFE6 /* ChatViewController.xib in Resources */ = {isa = PBXBuildFile; fileRef = A315216324ACFD950029EFE6 /* ChatViewController.xib */; };
		BFC0E022F4B1332B27C74796 /* Pods_BasedProjcet.framework in Frameworks */ = {isa = PBXBuildFile; fileRef = 77CB5882C5BD8279EB52C337 /* Pods_BasedProjcet.framework */; };
/* End PBXBuildFile section */

/* Begin PBXFileReference section */
		0A1FC3CE24AC5E0F0091A13B /* BasedProjcet.app */ = {isa = PBXFileReference; explicitFileType = wrapper.application; includeInIndex = 0; path = BasedProjcet.app; sourceTree = BUILT_PRODUCTS_DIR; };
		0A1FC3D124AC5E0F0091A13B /* AppDelegate.swift */ = {isa = PBXFileReference; lastKnownFileType = sourcecode.swift; path = AppDelegate.swift; sourceTree = "<group>"; };
		0A1FC3D324AC5E0F0091A13B /* SceneDelegate.swift */ = {isa = PBXFileReference; lastKnownFileType = sourcecode.swift; path = SceneDelegate.swift; sourceTree = "<group>"; };
		0A1FC3DA24AC5E120091A13B /* Assets.xcassets */ = {isa = PBXFileReference; lastKnownFileType = folder.assetcatalog; path = Assets.xcassets; sourceTree = "<group>"; };
		0A1FC3DD24AC5E120091A13B /* Base */ = {isa = PBXFileReference; lastKnownFileType = file.storyboard; name = Base; path = Base.lproj/LaunchScreen.storyboard; sourceTree = "<group>"; };
		0A1FC3DF24AC5E120091A13B /* Info.plist */ = {isa = PBXFileReference; lastKnownFileType = text.plist.xml; path = Info.plist; sourceTree = "<group>"; };
		0A1FC41024ACC94F0091A13B /* ModelDataLogin.swift */ = {isa = PBXFileReference; lastKnownFileType = sourcecode.swift; path = ModelDataLogin.swift; sourceTree = "<group>"; };
		0A1FC41224ACCA250091A13B /* MenuNavBar.swift */ = {isa = PBXFileReference; lastKnownFileType = sourcecode.swift; path = MenuNavBar.swift; sourceTree = "<group>"; };
		0A1FC41424ACCA4B0091A13B /* Item.swift */ = {isa = PBXFileReference; lastKnownFileType = sourcecode.swift; path = Item.swift; sourceTree = "<group>"; };
		0A1FC41624ACCA660091A13B /* UserAccess.swift */ = {isa = PBXFileReference; lastKnownFileType = sourcecode.swift; path = UserAccess.swift; sourceTree = "<group>"; };
		0A1FC42324ACEE650091A13B /* CustomBorderShadow.swift */ = {isa = PBXFileReference; fileEncoding = 4; lastKnownFileType = sourcecode.swift; path = CustomBorderShadow.swift; sourceTree = "<group>"; };
		0A1FC42424ACEE650091A13B /* ButtonLeftSpace.swift */ = {isa = PBXFileReference; fileEncoding = 4; lastKnownFileType = sourcecode.swift; path = ButtonLeftSpace.swift; sourceTree = "<group>"; };
		0A1FC42524ACEE650091A13B /* ACScrollViewExtension.swift */ = {isa = PBXFileReference; fileEncoding = 4; lastKnownFileType = sourcecode.swift; path = ACScrollViewExtension.swift; sourceTree = "<group>"; };
		0A1FC42824ACEE650091A13B /* CustomBorder.swift */ = {isa = PBXFileReference; fileEncoding = 4; lastKnownFileType = sourcecode.swift; path = CustomBorder.swift; sourceTree = "<group>"; };
		0A1FC42A24ACEE650091A13B /* ACAlert.swift */ = {isa = PBXFileReference; fileEncoding = 4; lastKnownFileType = sourcecode.swift; path = ACAlert.swift; sourceTree = "<group>"; };
		0A1FC42B24ACEE650091A13B /* SelfSizedTableView.swift */ = {isa = PBXFileReference; fileEncoding = 4; lastKnownFileType = sourcecode.swift; path = SelfSizedTableView.swift; sourceTree = "<group>"; };
		0A1FC42D24ACEE650091A13B /* AsynchronusImage.swift */ = {isa = PBXFileReference; fileEncoding = 4; lastKnownFileType = sourcecode.swift; path = AsynchronusImage.swift; sourceTree = "<group>"; };
		0A1FC42E24ACEE650091A13B /* Double.swift */ = {isa = PBXFileReference; fileEncoding = 4; lastKnownFileType = sourcecode.swift; path = Double.swift; sourceTree = "<group>"; };
		0A1FC42F24ACEE650091A13B /* Border+View.swift */ = {isa = PBXFileReference; fileEncoding = 4; lastKnownFileType = sourcecode.swift; path = "Border+View.swift"; sourceTree = "<group>"; };
		0A1FC43024ACEE650091A13B /* TextViewLeftSpace.swift */ = {isa = PBXFileReference; fileEncoding = 4; lastKnownFileType = sourcecode.swift; path = TextViewLeftSpace.swift; sourceTree = "<group>"; };
		0A1FC43124ACEE650091A13B /* ACTextfieldExtension.swift */ = {isa = PBXFileReference; fileEncoding = 4; lastKnownFileType = sourcecode.swift; path = ACTextfieldExtension.swift; sourceTree = "<group>"; };
		0A1FC4C624ACEE650091A13B /* ACAPI.swift */ = {isa = PBXFileReference; fileEncoding = 4; lastKnownFileType = sourcecode.swift; path = ACAPI.swift; sourceTree = "<group>"; };
		0A1FC4C724ACEE650091A13B /* ACRequest.swift */ = {isa = PBXFileReference; fileEncoding = 4; lastKnownFileType = sourcecode.swift; path = ACRequest.swift; sourceTree = "<group>"; };
		2B0F519E730CEE5FA329954A /* Pods-BasedProjcet.release.xcconfig */ = {isa = PBXFileReference; includeInIndex = 1; lastKnownFileType = text.xcconfig; name = "Pods-BasedProjcet.release.xcconfig"; path = "Target Support Files/Pods-BasedProjcet/Pods-BasedProjcet.release.xcconfig"; sourceTree = "<group>"; };
		77CB5882C5BD8279EB52C337 /* Pods_BasedProjcet.framework */ = {isa = PBXFileReference; explicitFileType = wrapper.framework; includeInIndex = 0; path = Pods_BasedProjcet.framework; sourceTree = BUILT_PRODUCTS_DIR; };
		A315212A24AC823C0029EFE6 /* LoginViewController.swift */ = {isa = PBXFileReference; lastKnownFileType = sourcecode.swift; path = LoginViewController.swift; sourceTree = "<group>"; };
		A315212B24AC823C0029EFE6 /* LoginViewController.xib */ = {isa = PBXFileReference; lastKnownFileType = file.xib; path = LoginViewController.xib; sourceTree = "<group>"; };
		A315212E24AC871F0029EFE6 /* HomeViewController.swift */ = {isa = PBXFileReference; lastKnownFileType = sourcecode.swift; path = HomeViewController.swift; sourceTree = "<group>"; };
		A315212F24AC871F0029EFE6 /* HomeViewController.xib */ = {isa = PBXFileReference; lastKnownFileType = file.xib; path = HomeViewController.xib; sourceTree = "<group>"; };
		A315213224ACF0960029EFE6 /* SettingsViewController.swift */ = {isa = PBXFileReference; lastKnownFileType = sourcecode.swift; path = SettingsViewController.swift; sourceTree = "<group>"; };
		A315213324ACF0960029EFE6 /* SettingsViewController.xib */ = {isa = PBXFileReference; lastKnownFileType = file.xib; path = SettingsViewController.xib; sourceTree = "<group>"; };
		A315213624ACF0B20029EFE6 /* ExploreViewController.swift */ = {isa = PBXFileReference; lastKnownFileType = sourcecode.swift; path = ExploreViewController.swift; sourceTree = "<group>"; };
		A315213724ACF0B20029EFE6 /* ExploreViewController.xib */ = {isa = PBXFileReference; lastKnownFileType = file.xib; path = ExploreViewController.xib; sourceTree = "<group>"; };
		A315213C24ACF0D60029EFE6 /* NewsViewController.swift */ = {isa = PBXFileReference; lastKnownFileType = sourcecode.swift; path = NewsViewController.swift; sourceTree = "<group>"; };
		A315213D24ACF0D60029EFE6 /* NewsViewController.xib */ = {isa = PBXFileReference; lastKnownFileType = file.xib; path = NewsViewController.xib; sourceTree = "<group>"; };
		A315214124ACF32B0029EFE6 /* FeedViewController.swift */ = {isa = PBXFileReference; lastKnownFileType = sourcecode.swift; path = FeedViewController.swift; sourceTree = "<group>"; };
		A315214224ACF32B0029EFE6 /* FeedViewController.xib */ = {isa = PBXFileReference; lastKnownFileType = file.xib; path = FeedViewController.xib; sourceTree = "<group>"; };
		A315214624ACF33D0029EFE6 /* CameraViewController.swift */ = {isa = PBXFileReference; lastKnownFileType = sourcecode.swift; path = CameraViewController.swift; sourceTree = "<group>"; };
		A315214724ACF33D0029EFE6 /* CameraViewController.xib */ = {isa = PBXFileReference; lastKnownFileType = file.xib; path = CameraViewController.xib; sourceTree = "<group>"; };
		A315214F24ACF36E0029EFE6 /* AlarmViewController.swift */ = {isa = PBXFileReference; lastKnownFileType = sourcecode.swift; path = AlarmViewController.swift; sourceTree = "<group>"; };
		A315215024ACF36E0029EFE6 /* AlarmViewController.xib */ = {isa = PBXFileReference; lastKnownFileType = file.xib; path = AlarmViewController.xib; sourceTree = "<group>"; };
		A315215924ACF5950029EFE6 /* FavoriteViewController.swift */ = {isa = PBXFileReference; lastKnownFileType = sourcecode.swift; path = FavoriteViewController.swift; sourceTree = "<group>"; };
		A315215A24ACF5950029EFE6 /* FavoriteViewController.xib */ = {isa = PBXFileReference; lastKnownFileType = file.xib; path = FavoriteViewController.xib; sourceTree = "<group>"; };
		A315215E24ACFC1E0029EFE6 /* MoreViewController.swift */ = {isa = PBXFileReference; lastKnownFileType = sourcecode.swift; path = MoreViewController.swift; sourceTree = "<group>"; };
		A315215F24ACFC1E0029EFE6 /* MoreViewController.xib */ = {isa = PBXFileReference; lastKnownFileType = file.xib; path = MoreViewController.xib; sourceTree = "<group>"; };
		A315216224ACFD950029EFE6 /* ChatViewController.swift */ = {isa = PBXFileReference; lastKnownFileType = sourcecode.swift; path = ChatViewController.swift; sourceTree = "<group>"; };
		A315216324ACFD950029EFE6 /* ChatViewController.xib */ = {isa = PBXFileReference; lastKnownFileType = file.xib; path = ChatViewController.xib; sourceTree = "<group>"; };
		C7AFFDCCC08D811C83EBA460 /* Pods-BasedProjcet.debug.xcconfig */ = {isa = PBXFileReference; includeInIndex = 1; lastKnownFileType = text.xcconfig; name = "Pods-BasedProjcet.debug.xcconfig"; path = "Target Support Files/Pods-BasedProjcet/Pods-BasedProjcet.debug.xcconfig"; sourceTree = "<group>"; };
/* End PBXFileReference section */

/* Begin PBXFrameworksBuildPhase section */
		0A1FC3CB24AC5E0F0091A13B /* Frameworks */ = {
			isa = PBXFrameworksBuildPhase;
			buildActionMask = 2147483647;
			files = (
				BFC0E022F4B1332B27C74796 /* Pods_BasedProjcet.framework in Frameworks */,
			);
			runOnlyForDeploymentPostprocessing = 0;
		};
/* End PBXFrameworksBuildPhase section */

/* Begin PBXGroup section */
		0A1FC3C524AC5E0F0091A13B = {
			isa = PBXGroup;
			children = (
				0A1FC3D024AC5E0F0091A13B /* BasedProjcet */,
				0A1FC3CF24AC5E0F0091A13B /* Products */,
				67B82F9430D4F0664AC0E50B /* Pods */,
				9E3E74B14A616A70F88B1D0B /* Frameworks */,
			);
			sourceTree = "<group>";
		};
		0A1FC3CF24AC5E0F0091A13B /* Products */ = {
			isa = PBXGroup;
			children = (
				0A1FC3CE24AC5E0F0091A13B /* BasedProjcet.app */,
			);
			name = Products;
			sourceTree = "<group>";
		};
		0A1FC3D024AC5E0F0091A13B /* BasedProjcet */ = {
			isa = PBXGroup;
			children = (
				0A1FC42124ACEE650091A13B /* Helper */,
				0A1FC3E624AC5E5D0091A13B /* Class */,
				0A1FC3D124AC5E0F0091A13B /* AppDelegate.swift */,
				0A1FC3D324AC5E0F0091A13B /* SceneDelegate.swift */,
				0A1FC3DA24AC5E120091A13B /* Assets.xcassets */,
				0A1FC3DC24AC5E120091A13B /* LaunchScreen.storyboard */,
				0A1FC3DF24AC5E120091A13B /* Info.plist */,
			);
			path = BasedProjcet;
			sourceTree = "<group>";
		};
		0A1FC3E524AC5E550091A13B /* Model */ = {
			isa = PBXGroup;
			children = (
				0A1FC41024ACC94F0091A13B /* ModelDataLogin.swift */,
				0A1FC41224ACCA250091A13B /* MenuNavBar.swift */,
				0A1FC41424ACCA4B0091A13B /* Item.swift */,
				0A1FC41624ACCA660091A13B /* UserAccess.swift */,
			);
			name = Model;
			path = ../Model;
			sourceTree = "<group>";
		};
		0A1FC3E624AC5E5D0091A13B /* Class */ = {
			isa = PBXGroup;
			children = (
				A315215D24ACFC030029EFE6 /* More */,
				A315215824ACF5850029EFE6 /* Favorite */,
				A315215324ACF37E0029EFE6 /* Chat */,
				A315214E24ACF35E0029EFE6 /* Alarm */,
				A315214524ACF3310029EFE6 /* Camera */,
				A315214024ACF31F0029EFE6 /* Feed */,
				0A1FC3EC24AC5F880091A13B /* News */,
				0A1FC3EB24AC5EBC0091A13B /* Explore */,
				0A1FC3EA24AC5EB30091A13B /* Settings */,
				0A1FC3E824AC5E910091A13B /* Home */,
				0A1FC3E724AC5E660091A13B /* Login */,
			);
			path = Class;
			sourceTree = "<group>";
		};
		0A1FC3E724AC5E660091A13B /* Login */ = {
			isa = PBXGroup;
			children = (
				A315212A24AC823C0029EFE6 /* LoginViewController.swift */,
				A315212B24AC823C0029EFE6 /* LoginViewController.xib */,
			);
			path = Login;
			sourceTree = "<group>";
		};
		0A1FC3E824AC5E910091A13B /* Home */ = {
			isa = PBXGroup;
			children = (
				A315212E24AC871F0029EFE6 /* HomeViewController.swift */,
				A315212F24AC871F0029EFE6 /* HomeViewController.xib */,
			);
			path = Home;
			sourceTree = "<group>";
		};
		0A1FC3EA24AC5EB30091A13B /* Settings */ = {
			isa = PBXGroup;
			children = (
				A315213224ACF0960029EFE6 /* SettingsViewController.swift */,
				A315213324ACF0960029EFE6 /* SettingsViewController.xib */,
			);
			path = Settings;
			sourceTree = "<group>";
		};
		0A1FC3EB24AC5EBC0091A13B /* Explore */ = {
			isa = PBXGroup;
			children = (
				A315213624ACF0B20029EFE6 /* ExploreViewController.swift */,
				A315213724ACF0B20029EFE6 /* ExploreViewController.xib */,
			);
			path = Explore;
			sourceTree = "<group>";
		};
		0A1FC3EC24AC5F880091A13B /* News */ = {
			isa = PBXGroup;
			children = (
				A315213C24ACF0D60029EFE6 /* NewsViewController.swift */,
				A315213D24ACF0D60029EFE6 /* NewsViewController.xib */,
			);
			path = News;
			sourceTree = "<group>";
		};
		0A1FC42124ACEE650091A13B /* Helper */ = {
			isa = PBXGroup;
			children = (
				0A1FC3E524AC5E550091A13B /* Model */,
				0A1FC42224ACEE650091A13B /* Extension */,
				0A1FC4C524ACEE650091A13B /* Network Services */,
			);
			path = Helper;
			sourceTree = "<group>";
		};
		0A1FC42224ACEE650091A13B /* Extension */ = {
			isa = PBXGroup;
			children = (
				0A1FC42324ACEE650091A13B /* CustomBorderShadow.swift */,
				0A1FC42424ACEE650091A13B /* ButtonLeftSpace.swift */,
				0A1FC42524ACEE650091A13B /* ACScrollViewExtension.swift */,
				0A1FC42824ACEE650091A13B /* CustomBorder.swift */,
				0A1FC42A24ACEE650091A13B /* ACAlert.swift */,
				0A1FC42B24ACEE650091A13B /* SelfSizedTableView.swift */,
				0A1FC42D24ACEE650091A13B /* AsynchronusImage.swift */,
				0A1FC42E24ACEE650091A13B /* Double.swift */,
				0A1FC42F24ACEE650091A13B /* Border+View.swift */,
				0A1FC43024ACEE650091A13B /* TextViewLeftSpace.swift */,
				0A1FC43124ACEE650091A13B /* ACTextfieldExtension.swift */,
			);
			path = Extension;
			sourceTree = "<group>";
		};
		0A1FC4C524ACEE650091A13B /* Network Services */ = {
			isa = PBXGroup;
			children = (
				0A1FC4C624ACEE650091A13B /* ACAPI.swift */,
				0A1FC4C724ACEE650091A13B /* ACRequest.swift */,
			);
			path = "Network Services";
			sourceTree = "<group>";
		};
		67B82F9430D4F0664AC0E50B /* Pods */ = {
			isa = PBXGroup;
			children = (
				C7AFFDCCC08D811C83EBA460 /* Pods-BasedProjcet.debug.xcconfig */,
				2B0F519E730CEE5FA329954A /* Pods-BasedProjcet.release.xcconfig */,
			);
			path = Pods;
			sourceTree = "<group>";
		};
		9E3E74B14A616A70F88B1D0B /* Frameworks */ = {
			isa = PBXGroup;
			children = (
				77CB5882C5BD8279EB52C337 /* Pods_BasedProjcet.framework */,
			);
			name = Frameworks;
			sourceTree = "<group>";
		};
		A315214024ACF31F0029EFE6 /* Feed */ = {
			isa = PBXGroup;
			children = (
				A315214124ACF32B0029EFE6 /* FeedViewController.swift */,
				A315214224ACF32B0029EFE6 /* FeedViewController.xib */,
			);
			path = Feed;
			sourceTree = "<group>";
		};
		A315214524ACF3310029EFE6 /* Camera */ = {
			isa = PBXGroup;
			children = (
				A315214624ACF33D0029EFE6 /* CameraViewController.swift */,
				A315214724ACF33D0029EFE6 /* CameraViewController.xib */,
			);
			path = Camera;
			sourceTree = "<group>";
		};
		A315214E24ACF35E0029EFE6 /* Alarm */ = {
			isa = PBXGroup;
			children = (
				A315214F24ACF36E0029EFE6 /* AlarmViewController.swift */,
				A315215024ACF36E0029EFE6 /* AlarmViewController.xib */,
			);
			path = Alarm;
			sourceTree = "<group>";
		};
		A315215324ACF37E0029EFE6 /* Chat */ = {
			isa = PBXGroup;
			children = (
				A315216224ACFD950029EFE6 /* ChatViewController.swift */,
				A315216324ACFD950029EFE6 /* ChatViewController.xib */,
			);
			path = Chat;
			sourceTree = "<group>";
		};
		A315215824ACF5850029EFE6 /* Favorite */ = {
			isa = PBXGroup;
			children = (
				A315215924ACF5950029EFE6 /* FavoriteViewController.swift */,
				A315215A24ACF5950029EFE6 /* FavoriteViewController.xib */,
			);
			path = Favorite;
			sourceTree = "<group>";
		};
		A315215D24ACFC030029EFE6 /* More */ = {
			isa = PBXGroup;
			children = (
				A315215E24ACFC1E0029EFE6 /* MoreViewController.swift */,
				A315215F24ACFC1E0029EFE6 /* MoreViewController.xib */,
			);
			path = More;
			sourceTree = "<group>";
		};
/* End PBXGroup section */

/* Begin PBXNativeTarget section */
		0A1FC3CD24AC5E0F0091A13B /* BasedProjcet */ = {
			isa = PBXNativeTarget;
			buildConfigurationList = 0A1FC3E224AC5E120091A13B /* Build configuration list for PBXNativeTarget "BasedProjcet" */;
			buildPhases = (
				D24AC58D8790BFCDA0176291 /* [CP] Check Pods Manifest.lock */,
				0A1FC3CA24AC5E0F0091A13B /* Sources */,
				0A1FC3CB24AC5E0F0091A13B /* Frameworks */,
				0A1FC3CC24AC5E0F0091A13B /* Resources */,
				A461C0C3DA7D31191FF61434 /* [CP] Embed Pods Frameworks */,
			);
			buildRules = (
			);
			dependencies = (
			);
			name = BasedProjcet;
			productName = BasedProjcet;
			productReference = 0A1FC3CE24AC5E0F0091A13B /* BasedProjcet.app */;
			productType = "com.apple.product-type.application";
		};
/* End PBXNativeTarget section */

/* Begin PBXProject section */
		0A1FC3C624AC5E0F0091A13B /* Project object */ = {
			isa = PBXProject;
			attributes = {
				LastSwiftUpdateCheck = 1150;
				LastUpgradeCheck = 1150;
				ORGANIZATIONNAME = "Malvin Santoso";
				TargetAttributes = {
					0A1FC3CD24AC5E0F0091A13B = {
						CreatedOnToolsVersion = 11.5;
					};
				};
			};
			buildConfigurationList = 0A1FC3C924AC5E0F0091A13B /* Build configuration list for PBXProject "BasedProjcet" */;
			compatibilityVersion = "Xcode 9.3";
			developmentRegion = en;
			hasScannedForEncodings = 0;
			knownRegions = (
				en,
				Base,
			);
			mainGroup = 0A1FC3C524AC5E0F0091A13B;
			productRefGroup = 0A1FC3CF24AC5E0F0091A13B /* Products */;
			projectDirPath = "";
			projectRoot = "";
			targets = (
				0A1FC3CD24AC5E0F0091A13B /* BasedProjcet */,
			);
		};
/* End PBXProject section */

/* Begin PBXResourcesBuildPhase section */
		0A1FC3CC24AC5E0F0091A13B /* Resources */ = {
			isa = PBXResourcesBuildPhase;
			buildActionMask = 2147483647;
			files = (
				A315215224ACF36E0029EFE6 /* AlarmViewController.xib in Resources */,
				A315214924ACF33D0029EFE6 /* CameraViewController.xib in Resources */,
				A315215C24ACF5950029EFE6 /* FavoriteViewController.xib in Resources */,
				0A1FC3DE24AC5E120091A13B /* LaunchScreen.storyboard in Resources */,
				A315212D24AC823C0029EFE6 /* LoginViewController.xib in Resources */,
				A315214424ACF32B0029EFE6 /* FeedViewController.xib in Resources */,
				A315216124ACFC1E0029EFE6 /* MoreViewController.xib in Resources */,
				A315216524ACFD950029EFE6 /* ChatViewController.xib in Resources */,
				A315213124AC871F0029EFE6 /* HomeViewController.xib in Resources */,
				A315213524ACF0960029EFE6 /* SettingsViewController.xib in Resources */,
				A315213924ACF0B20029EFE6 /* ExploreViewController.xib in Resources */,
				0A1FC3DB24AC5E120091A13B /* Assets.xcassets in Resources */,
				A315213F24ACF0D60029EFE6 /* NewsViewController.xib in Resources */,
			);
			runOnlyForDeploymentPostprocessing = 0;
		};
/* End PBXResourcesBuildPhase section */

/* Begin PBXShellScriptBuildPhase section */
		A461C0C3DA7D31191FF61434 /* [CP] Embed Pods Frameworks */ = {
			isa = PBXShellScriptBuildPhase;
			buildActionMask = 2147483647;
			files = (
			);
			inputFileListPaths = (
				"${PODS_ROOT}/Target Support Files/Pods-BasedProjcet/Pods-BasedProjcet-frameworks-${CONFIGURATION}-input-files.xcfilelist",
			);
			name = "[CP] Embed Pods Frameworks";
			outputFileListPaths = (
				"${PODS_ROOT}/Target Support Files/Pods-BasedProjcet/Pods-BasedProjcet-frameworks-${CONFIGURATION}-output-files.xcfilelist",
			);
			runOnlyForDeploymentPostprocessing = 0;
			shellPath = /bin/sh;
			shellScript = "\"${PODS_ROOT}/Target Support Files/Pods-BasedProjcet/Pods-BasedProjcet-frameworks.sh\"\n";
			showEnvVarsInLog = 0;
		};
		D24AC58D8790BFCDA0176291 /* [CP] Check Pods Manifest.lock */ = {
			isa = PBXShellScriptBuildPhase;
			buildActionMask = 2147483647;
			files = (
			);
			inputFileListPaths = (
			);
			inputPaths = (
				"${PODS_PODFILE_DIR_PATH}/Podfile.lock",
				"${PODS_ROOT}/Manifest.lock",
			);
			name = "[CP] Check Pods Manifest.lock";
			outputFileListPaths = (
			);
			outputPaths = (
				"$(DERIVED_FILE_DIR)/Pods-BasedProjcet-checkManifestLockResult.txt",
			);
			runOnlyForDeploymentPostprocessing = 0;
			shellPath = /bin/sh;
			shellScript = "diff \"${PODS_PODFILE_DIR_PATH}/Podfile.lock\" \"${PODS_ROOT}/Manifest.lock\" > /dev/null\nif [ $? != 0 ] ; then\n    # print error to STDERR\n    echo \"error: The sandbox is not in sync with the Podfile.lock. Run 'pod install' or update your CocoaPods installation.\" >&2\n    exit 1\nfi\n# This output is used by Xcode 'outputs' to avoid re-running this script phase.\necho \"SUCCESS\" > \"${SCRIPT_OUTPUT_FILE_0}\"\n";
			showEnvVarsInLog = 0;
		};
/* End PBXShellScriptBuildPhase section */

/* Begin PBXSourcesBuildPhase section */
		0A1FC3CA24AC5E0F0091A13B /* Sources */ = {
			isa = PBXSourcesBuildPhase;
			buildActionMask = 2147483647;
			files = (
				0A1FC4CD24ACEE650091A13B /* CustomBorder.swift in Sources */,
				0A1FC41524ACCA4B0091A13B /* Item.swift in Sources */,
				0A1FC56824ACEE660091A13B /* ACRequest.swift in Sources */,
				0A1FC4CA24ACEE650091A13B /* ACScrollViewExtension.swift in Sources */,
				0A1FC4D024ACEE650091A13B /* SelfSizedTableView.swift in Sources */,
				0A1FC41724ACCA660091A13B /* UserAccess.swift in Sources */,
				0A1FC41324ACCA250091A13B /* MenuNavBar.swift in Sources */,
				A315213024AC871F0029EFE6 /* HomeViewController.swift in Sources */,
				A315214324ACF32B0029EFE6 /* FeedViewController.swift in Sources */,
				A315213824ACF0B20029EFE6 /* ExploreViewController.swift in Sources */,
			);
			runOnlyForDeploymentPostprocessing = 0;
		};
/* End PBXSourcesBuildPhase section */

/* Begin PBXVariantGroup section */
		0A1FC3DC24AC5E120091A13B /* LaunchScreen.storyboard */ = {
			isa = PBXVariantGroup;
			children = (
				0A1FC3DD24AC5E120091A13B /* Base */,
			);
			name = LaunchScreen.storyboard;
			sourceTree = "<group>";
		};
/* End PBXVariantGroup section */

/* Begin XCBuildConfiguration section */
		0A1FC3E024AC5E120091A13B /* Debug */ = {
			isa = XCBuildConfiguration;
			buildSettings = {
				ALWAYS_SEARCH_USER_PATHS = NO;
				CLANG_ANALYZER_NONNULL = YES;
				CLANG_ANALYZER_NUMBER_OBJECT_CONVERSION = YES_AGGRESSIVE;
				CLANG_CXX_LANGUAGE_STANDARD = "gnu++14";
				CLANG_CXX_LIBRARY = "libc++";
				CLANG_ENABLE_MODULES = YES;
				CLANG_ENABLE_OBJC_ARC = YES;
				CLANG_ENABLE_OBJC_WEAK = YES;
				CLANG_WARN_BLOCK_CAPTURE_AUTORELEASING = YES;
				CLANG_WARN_BOOL_CONVERSION = YES;
				CLANG_WARN_COMMA = YES;
				CLANG_WARN_CONSTANT_CONVERSION = YES;
				CLANG_WARN_DEPRECATED_OBJC_IMPLEMENTATIONS = YES;
				CLANG_WARN_DIRECT_OBJC_ISA_USAGE = YES_ERROR;
				CLANG_WARN_DOCUMENTATION_COMMENTS = YES;
				CLANG_WARN_EMPTY_BODY = YES;
				CLANG_WARN_ENUM_CONVERSION = YES;
				CLANG_WARN_INFINITE_RECURSION = YES;
				CLANG_WARN_INT_CONVERSION = YES;
				CLANG_WARN_NON_LITERAL_NULL_CONVERSION = YES;
				CLANG_WARN_OBJC_IMPLICIT_RETAIN_SELF = YES;
				CLANG_WARN_OBJC_LITERAL_CONVERSION = YES;
				CLANG_WARN_OBJC_ROOT_CLASS = YES_ERROR;
				CLANG_WARN_RANGE_LOOP_ANALYSIS = YES;
				CLANG_WARN_STRICT_PROTOTYPES = YES;
				CLANG_WARN_SUSPICIOUS_MOVE = YES;
				CLANG_WARN_UNGUARDED_AVAILABILITY = YES_AGGRESSIVE;
				CLANG_WARN_UNREACHABLE_CODE = YES;
				CLANG_WARN__DUPLICATE_METHOD_MATCH = YES;
				COPY_PHASE_STRIP = NO;
				DEBUG_INFORMATION_FORMAT = dwarf;
				ENABLE_STRICT_OBJC_MSGSEND = YES;
				ENABLE_TESTABILITY = YES;
				GCC_C_LANGUAGE_STANDARD = gnu11;
				GCC_DYNAMIC_NO_PIC = NO;
				GCC_NO_COMMON_BLOCKS = YES;
				GCC_OPTIMIZATION_LEVEL = 0;
				GCC_PREPROCESSOR_DEFINITIONS = (
					"DEBUG=1",
					"$(inherited)",
				);
				GCC_WARN_64_TO_32_BIT_CONVERSION = YES;
				GCC_WARN_ABOUT_RETURN_TYPE = YES_ERROR;
				GCC_WARN_UNDECLARED_SELECTOR = YES;
				GCC_WARN_UNINITIALIZED_AUTOS = YES_AGGRESSIVE;
				GCC_WARN_UNUSED_FUNCTION = YES;
				GCC_WARN_UNUSED_VARIABLE = YES;
				IPHONEOS_DEPLOYMENT_TARGET = 13.5;
				MTL_ENABLE_DEBUG_INFO = INCLUDE_SOURCE;
				MTL_FAST_MATH = YES;
				ONLY_ACTIVE_ARCH = YES;
				SDKROOT = iphoneos;
				SWIFT_ACTIVE_COMPILATION_CONDITIONS = DEBUG;
				SWIFT_OPTIMIZATION_LEVEL = "-Onone";
			};
			name = Debug;
		};
		0A1FC3E124AC5E120091A13B /* Release */ = {
			isa = XCBuildConfiguration;
			buildSettings = {
				ALWAYS_SEARCH_USER_PATHS = NO;
				CLANG_ANALYZER_NONNULL = YES;
				CLANG_ANALYZER_NUMBER_OBJECT_CONVERSION = YES_AGGRESSIVE;
				CLANG_CXX_LANGUAGE_STANDARD = "gnu++14";
				CLANG_CXX_LIBRARY = "libc++";
				CLANG_ENABLE_MODULES = YES;
				CLANG_ENABLE_OBJC_ARC = YES;
				CLANG_ENABLE_OBJC_WEAK = YES;
				CLANG_WARN_BLOCK_CAPTURE_AUTORELEASING = YES;
				CLANG_WARN_BOOL_CONVERSION = YES;
				CLANG_WARN_COMMA = YES;
				CLANG_WARN_CONSTANT_CONVERSION = YES;
				CLANG_WARN_DEPRECATED_OBJC_IMPLEMENTATIONS = YES;
				CLANG_WARN_DIRECT_OBJC_ISA_USAGE = YES_ERROR;
				CLANG_WARN_DOCUMENTATION_COMMENTS = YES;
				CLANG_WARN_EMPTY_BODY = YES;
				CLANG_WARN_ENUM_CONVERSION = YES;
				CLANG_WARN_INFINITE_RECURSION = YES;
				CLANG_WARN_INT_CONVERSION = YES;
				CLANG_WARN_NON_LITERAL_NULL_CONVERSION = YES;
				CLANG_WARN_OBJC_IMPLICIT_RETAIN_SELF = YES;
				CLANG_WARN_OBJC_LITERAL_CONVERSION = YES;
				CLANG_WARN_OBJC_ROOT_CLASS = YES_ERROR;
				CLANG_WARN_RANGE_LOOP_ANALYSIS = YES;
				CLANG_WARN_STRICT_PROTOTYPES = YES;
				CLANG_WARN_SUSPICIOUS_MOVE = YES;
				CLANG_WARN_UNGUARDED_AVAILABILITY = YES_AGGRESSIVE;
				CLANG_WARN_UNREACHABLE_CODE = YES;
				CLANG_WARN__DUPLICATE_METHOD_MATCH = YES;
				COPY_PHASE_STRIP = NO;
				DEBUG_INFORMATION_FORMAT = "dwarf-with-dsym";
				ENABLE_NS_ASSERTIONS = NO;
				ENABLE_STRICT_OBJC_MSGSEND = YES;
				GCC_C_LANGUAGE_STANDARD = gnu11;
				GCC_NO_COMMON_BLOCKS = YES;
				GCC_WARN_64_TO_32_BIT_CONVERSION = YES;
				GCC_WARN_ABOUT_RETURN_TYPE = YES_ERROR;
				GCC_WARN_UNDECLARED_SELECTOR = YES;
				GCC_WARN_UNINITIALIZED_AUTOS = YES_AGGRESSIVE;
				GCC_WARN_UNUSED_FUNCTION = YES;
				GCC_WARN_UNUSED_VARIABLE = YES;
				IPHONEOS_DEPLOYMENT_TARGET = 13.5;
				MTL_ENABLE_DEBUG_INFO = NO;
				MTL_FAST_MATH = YES;
				SDKROOT = iphoneos;
				SWIFT_COMPILATION_MODE = wholemodule;
				SWIFT_OPTIMIZATION_LEVEL = "-O";
				VALIDATE_PRODUCT = YES;
			};
			name = Release;
		};
		0A1FC3E324AC5E120091A13B /* Debug */ = {
			isa = XCBuildConfiguration;
			baseConfigurationReference = C7AFFDCCC08D811C83EBA460 /* Pods-BasedProjcet.debug.xcconfig */;
			buildSettings = {
				ASSETCATALOG_COMPILER_APPICON_NAME = AppIcon;
				CODE_SIGN_STYLE = Automatic;
				DEVELOPMENT_TEAM = EX65DH5AM5;
				INFOPLIST_FILE = BasedProjcet/Info.plist;
				LD_RUNPATH_SEARCH_PATHS = (
					"$(inherited)",
					"@executable_path/Frameworks",
				);
				PRODUCT_BUNDLE_IDENTIFIER = com.VinVin.BasedProjcet;
				PRODUCT_NAME = "$(TARGET_NAME)";
				SWIFT_VERSION = 5.0;
				TARGETED_DEVICE_FAMILY = "1,2";
			};
			name = Debug;
		};
		0A1FC3E424AC5E120091A13B /* Release */ = {
			isa = XCBuildConfiguration;
			baseConfigurationReference = 2B0F519E730CEE5FA329954A /* Pods-BasedProjcet.release.xcconfig */;
			buildSettings = {
				ASSETCATALOG_COMPILER_APPICON_NAME = AppIcon;
				CODE_SIGN_STYLE = Automatic;
				DEVELOPMENT_TEAM = EX65DH5AM5;
				INFOPLIST_FILE = BasedProjcet/Info.plist;
				LD_RUNPATH_SEARCH_PATHS = (
					"$(inherited)",
					"@executable_path/Frameworks",
				);
				PRODUCT_BUNDLE_IDENTIFIER = com.VinVin.BasedProjcet;
				PRODUCT_NAME = "$(TARGET_NAME)";
				SWIFT_VERSION = 5.0;
				TARGETED_DEVICE_FAMILY = "1,2";
			};
			name = Release;
		};
/* End XCBuildConfiguration section */

/* Begin XCConfigurationList section */
		0A1FC3C924AC5E0F0091A13B /* Build configuration list for PBXProject "BasedProjcet" */ = {
			isa = XCConfigurationList;
			buildConfigurations = (
				0A1FC3E024AC5E120091A13B /* Debug */,
				0A1FC3E124AC5E120091A13B /* Release */,
			);
			defaultConfigurationIsVisible = 0;
			defaultConfigurationName = Release;
		};
		0A1FC3E224AC5E120091A13B /* Build configuration list for PBXNativeTarget "BasedProjcet" */ = {
			isa = XCConfigurationList;
			buildConfigurations = (
				0A1FC3E324AC5E120091A13B /* Debug */,
				0A1FC3E424AC5E120091A13B /* Release */,
			);
			defaultConfigurationIsVisible = 0;
			defaultConfigurationName = Release;
		};
/* End XCConfigurationList section */
	};
	rootObject = 0A1FC3C624AC5E0F0091A13B /* Project object */;
}
